
Microsoft Visual Studio Solution File, Format Version 12.00
# Visual Studio Version 16
VisualStudioVersion = 16.0.31105.61
MinimumVisualStudioVersion = 10.0.40219.1
Project("{FAE04EC0-301F-11D3-BF4B-00C04F79EFBC}") = "MathQuiz", "MathQuiz.csproj", "{C99F61A4-F7C2-45AB-98E5-809C6B623703}"
EndProject
Global
	GlobalSection(SolutionConfigurationPlatforms) = preSolution
		Debug|Any CPU = Debug|Any CPU
		Release|Any CPU = Release|Any CPU
	EndGlobalSection
	GlobalSection(ProjectConfigurationPlatforms) = postSolution
		{C99F61A4-F7C2-45AB-98E5-809C6B623703}.Debug|Any CPU.ActiveCfg = Debug|Any CPU
		{C99F61A4-F7C2-45AB-98E5-809C6B623703}.Debug|Any CPU.Build.0 = Debug|Any CPU
		{C99F61A4-F7C2-45AB-98E5-809C6B623703}.Release|Any CPU.ActiveCfg = Release|Any CPU
		{C99F61A4-F7C2-45AB-98E5-809C6B623703}.Release|Any CPU.Build.0 = Release|Any CPU
	EndGlobalSection
	GlobalSection(SolutionProperties) = preSolution
		HideSolutionNode = FALSE
	EndGlobalSection
	GlobalSection(ExtensibilityGlobals) = postSolution
		SolutionGuid = {ED8A97F0-57D2-41F9-BEF6-EDB0FC739DB4}
	EndGlobalSection
EndGlobal
